
Microsoft Visual Studio Solution File, Format Version 12.00
# Visual Studio Version 17
VisualStudioVersion = 17.4.33213.308
MinimumVisualStudioVersion = 10.0.40219.1
Project("{9A19103F-16F7-4668-BE54-9A1E7A4F7556}") = "MySuperBank", "MySuperBank.csproj", "{4D4F1B91-AE0A-45F9-ADFA-A30AF0A9C119}"
EndProject
Project("{FAE04EC0-301F-11D3-BF4B-00C04F79EFBC}") = "BankyStuffLibrary1", "..\BankyStuffLibrary1\BankyStuffLibrary1.csproj", "{07CA279A-34D8-4BB7-8263-A09B429B74F5}"
EndProject
Project("{FAE04EC0-301F-11D3-BF4B-00C04F79EFBC}") = "BankingTests", "..\BankingTests\BankingTests.csproj", "{A28F6588-D482-4262-89A9-30A91D54F45B}"
EndProject
Global
	GlobalSection(SolutionConfigurationPlatforms) = preSolution
		Debug|Any CPU = Debug|Any CPU
		Release|Any CPU = Release|Any CPU
	EndGlobalSection
	GlobalSection(ProjectConfigurationPlatforms) = postSolution
		{4D4F1B91-AE0A-45F9-ADFA-A30AF0A9C119}.Debug|Any CPU.ActiveCfg = Debug|Any CPU
		{4D4F1B91-AE0A-45F9-ADFA-A30AF0A9C119}.Debug|Any CPU.Build.0 = Debug|Any CPU
		{4D4F1B91-AE0A-45F9-ADFA-A30AF0A9C119}.Release|Any CPU.ActiveCfg = Release|Any CPU
		{4D4F1B91-AE0A-45F9-ADFA-A30AF0A9C119}.Release|Any CPU.Build.0 = Release|Any CPU
		{07CA279A-34D8-4BB7-8263-A09B429B74F5}.Debug|Any CPU.ActiveCfg = Debug|Any CPU
		{07CA279A-34D8-4BB7-8263-A09B429B74F5}.Debug|Any CPU.Build.0 = Debug|Any CPU
		{07CA279A-34D8-4BB7-8263-A09B429B74F5}.Release|Any CPU.ActiveCfg = Release|Any CPU
		{07CA279A-34D8-4BB7-8263-A09B429B74F5}.Release|Any CPU.Build.0 = Release|Any CPU
		{A28F6588-D482-4262-89A9-30A91D54F45B}.Debug|Any CPU.ActiveCfg = Debug|Any CPU
		{A28F6588-D482-4262-89A9-30A91D54F45B}.Debug|Any CPU.Build.0 = Debug|Any CPU
		{A28F6588-D482-4262-89A9-30A91D54F45B}.Release|Any CPU.ActiveCfg = Release|Any CPU
		{A28F6588-D482-4262-89A9-30A91D54F45B}.Release|Any CPU.Build.0 = Release|Any CPU
	EndGlobalSection
	GlobalSection(SolutionProperties) = preSolution
		HideSolutionNode = FALSE
	EndGlobalSection
	GlobalSection(ExtensibilityGlobals) = postSolution
		SolutionGuid = {83D3AEA1-643B-4FB1-B2F2-C3A98F930CF7}
	EndGlobalSection
EndGlobal
